
Microsoft Visual Studio Solution File, Format Version 12.00
# Visual Studio 15
VisualStudioVersion = 15.0.27130.2027
MinimumVisualStudioVersion = 10.0.40219.1
Project("{FAE04EC0-301F-11D3-BF4B-00C04F79EFBC}") = "shopping-cart-demo", "shopping-cart-demo\shopping-cart-demo.csproj", "{C5D3F17E-AE63-4FED-9AC9-577FDD85024E}"
EndProject
Global
	GlobalSection(SolutionConfigurationPlatforms) = preSolution
		Debug|Any CPU = Debug|Any CPU
		Release|Any CPU = Release|Any CPU
	EndGlobalSection
	GlobalSection(ProjectConfigurationPlatforms) = postSolution
		{C5D3F17E-AE63-4FED-9AC9-577FDD85024E}.Debug|Any CPU.ActiveCfg = Debug|Any CPU
		{C5D3F17E-AE63-4FED-9AC9-577FDD85024E}.Debug|Any CPU.Build.0 = Debug|Any CPU
		{C5D3F17E-AE63-4FED-9AC9-577FDD85024E}.Release|Any CPU.ActiveCfg = Release|Any CPU
		{C5D3F17E-AE63-4FED-9AC9-577FDD85024E}.Release|Any CPU.Build.0 = Release|Any CPU
	EndGlobalSection
	GlobalSection(SolutionProperties) = preSolution
		HideSolutionNode = FALSE
	EndGlobalSection
	GlobalSection(ExtensibilityGlobals) = postSolution
		SolutionGuid = {46FE69A9-22B9-4417-B0FA-80F196BFB9E1}
	EndGlobalSection
EndGlobal
